
Microsoft Visual Studio Solution File, Format Version 12.00
# Visual Studio Version 16
VisualStudioVersion = 16.0.31624.102
MinimumVisualStudioVersion = 10.0.40219.1
Project("{FAE04EC0-301F-11D3-BF4B-00C04F79EFBC}") = "Practice with conditional operators", "Practice with conditional operators\Practice with conditional operators.csproj", "{2918657A-813F-4F7D-AE27-1A85DFA12E8D}"
EndProject
Global
	GlobalSection(SolutionConfigurationPlatforms) = preSolution
		Debug|Any CPU = Debug|Any CPU
		Release|Any CPU = Release|Any CPU
	EndGlobalSection
	GlobalSection(ProjectConfigurationPlatforms) = postSolution
		{2918657A-813F-4F7D-AE27-1A85DFA12E8D}.Debug|Any CPU.ActiveCfg = Debug|Any CPU
		{2918657A-813F-4F7D-AE27-1A85DFA12E8D}.Debug|Any CPU.Build.0 = Debug|Any CPU
		{2918657A-813F-4F7D-AE27-1A85DFA12E8D}.Release|Any CPU.ActiveCfg = Release|Any CPU
		{2918657A-813F-4F7D-AE27-1A85DFA12E8D}.Release|Any CPU.Build.0 = Release|Any CPU
	EndGlobalSection
	GlobalSection(SolutionProperties) = preSolution
		HideSolutionNode = FALSE
	EndGlobalSection
	GlobalSection(ExtensibilityGlobals) = postSolution
		SolutionGuid = {D277EE68-5C29-4E56-94EE-560A67F825C8}
	EndGlobalSection
EndGlobal
