
Microsoft Visual Studio Solution File, Format Version 12.00
# Visual Studio Version 16
VisualStudioVersion = 16.0.31624.102
MinimumVisualStudioVersion = 10.0.40219.1
Project("{FAE04EC0-301F-11D3-BF4B-00C04F79EFBC}") = "Practice with one-dimensional arrays", "Practice with one-dimensional arrays\Practice with one-dimensional arrays.csproj", "{B9AB135A-2501-4D6C-8940-F84779E081BF}"
EndProject
Global
	GlobalSection(SolutionConfigurationPlatforms) = preSolution
		Debug|Any CPU = Debug|Any CPU
		Release|Any CPU = Release|Any CPU
	EndGlobalSection
	GlobalSection(ProjectConfigurationPlatforms) = postSolution
		{B9AB135A-2501-4D6C-8940-F84779E081BF}.Debug|Any CPU.ActiveCfg = Debug|Any CPU
		{B9AB135A-2501-4D6C-8940-F84779E081BF}.Debug|Any CPU.Build.0 = Debug|Any CPU
		{B9AB135A-2501-4D6C-8940-F84779E081BF}.Release|Any CPU.ActiveCfg = Release|Any CPU
		{B9AB135A-2501-4D6C-8940-F84779E081BF}.Release|Any CPU.Build.0 = Release|Any CPU
	EndGlobalSection
	GlobalSection(SolutionProperties) = preSolution
		HideSolutionNode = FALSE
	EndGlobalSection
	GlobalSection(ExtensibilityGlobals) = postSolution
		SolutionGuid = {BD5B31EE-7353-4BDA-A78C-EA5A7D12F477}
	EndGlobalSection
EndGlobal
